<?xml version="1.0" encoding="utf-8"?>
<Project ToolsVersion="4.0" xmlns="http://schemas.microsoft.com/developer/msbuild/2003">
  <ItemGroup>
    <Filter Include="Source Files">
      <UniqueIdentifier>{4FC737F1-C7A5-4376-A066-2A32D752A2FF}</UniqueIdentifier>
      <Extensions>qml;cpp;c;cc;cxx;def;odl;idl;hpj;bat;asm;asmx</Extensions>
    </Filter>
    <Filter Include="Header Files">
      <UniqueIdentifier>{93995380-89BD-4b04-88EB-625FBE52EBFB}</UniqueIdentifier>
      <Extensions>h;hh;hpp;hxx;hm;inl;inc;xsd</Extensions>
    </Filter>
    <Filter Include="Resource Files">
      <UniqueIdentifier>{67DA6AB6-F800-4c08-8B7A-83BB121AAD01}</UniqueIdentifier>
      <Extensions>qrc;rc;ico;cur;bmp;dlg;rc2;rct;bin;rgs;gif;jpg;jpeg;jpe;resx;tiff;tif;png;wav;mfcribbon-ms</Extensions>
    </Filter>
    <Filter Include="Form Files">
      <UniqueIdentifier>{99349809-55BA-4b9d-BF79-8FDBB0286EB3}</UniqueIdentifier>
      <Extensions>ui</Extensions>
    </Filter>
    <Filter Include="Translation Files">
      <UniqueIdentifier>{639EADAA-A684-42e4-A9AD-28FC9BCB8F7C}</UniqueIdentifier>
      <Extensions>ts</Extensions>
    </Filter>
    <Filter Include="Source Files\UI">
      <UniqueIdentifier>{e8c7845c-6e9a-4dfd-ba1e-3d122a0b0c0b}</UniqueIdentifier>
    </Filter>
    <Filter Include="Source Files\Source">
      <UniqueIdentifier>{2b72668b-f8c9-4448-a8ad-d900dacb0293}</UniqueIdentifier>
    </Filter>
    <Filter Include="Source Files\UI\Card">
      <UniqueIdentifier>{010a7d66-e2d4-40ac-94c2-e8993ca1769f}</UniqueIdentifier>
    </Filter>
    <Filter Include="Source Files\WeatherDeppend">
      <UniqueIdentifier>{d0b69fe6-7a65-480e-a17c-057084756795}</UniqueIdentifier>
    </Filter>
    <Filter Include="Source Files\TitleBar">
      <UniqueIdentifier>{a1b2c3d4-e5f6-7890-abcd-ef1234567890}</UniqueIdentifier>
    </Filter>
    <Filter Include="Source Files\UI\FirstPage">
      <UniqueIdentifier>{b2c3d4e5-f6a7-8901-bcde-f12345678901}</UniqueIdentifier>
    </Filter>
    <Filter Include="Source Files\UI\DesktopWidget">
      <UniqueIdentifier>{c3d4e5f6-a7b8-9012-cdef-123456789012}</UniqueIdentifier>
    </Filter>
    <Filter Include="Source Files\UI\MapView">
      <UniqueIdentifier>{d4e5f6a7-b8c9-0123-defa-234567890123}</UniqueIdentifier>
    </Filter>
    <Filter Include="Source Files\UI\MultiCityManagement">
      <UniqueIdentifier>{e5f6a7b8-c9d0-1234-efab-345678901234}</UniqueIdentifier>
    </Filter>
    <Filter Include="Source Files\UI\WeatherAlert">
      <UniqueIdentifier>{f6a7b8c9-d0e1-2345-fabc-456789012345}</UniqueIdentifier>
    </Filter>
    <Filter Include="Source Files\UI\Sidebar">
      <UniqueIdentifier>{a7b8c9d0-e1f2-3456-abcd-567890123456}</UniqueIdentifier>
    </Filter>
    <Filter Include="Resource Files\Resource">
      <UniqueIdentifier>{b8c9d0e1-f2a3-4567-bcde-678901234567}</UniqueIdentifier>
    </Filter>
  </ItemGroup>
  <ItemGroup>
    <ClCompile Include="main.cpp">
      <Filter>Source Files</Filter>
    </ClCompile>
    <QtRcc Include="qml.qrc">
      <Filter>Resource Files</Filter>
    </QtRcc>
    <ClCompile Include="TitleBar\ToolBarHandler.cpp">
      <Filter>Source Files\TitleBar</Filter>
    </ClCompile>
    <ClCompile Include="WeatherDeppend\WeatherApi.cpp">
      <Filter>Source Files\WeatherDeppend</Filter>
    </ClCompile>
    <ClCompile Include="WeatherDeppend\WeatherManager.cpp">
      <Filter>Source Files\WeatherDeppend</Filter>
    </ClCompile>
    <ClCompile Include="WeatherDeppend\ForecastModel.cpp">
      <Filter>Source Files\WeatherDeppend</Filter>
    </ClCompile>
    <ClCompile Include="QmlEngin\QmlEnginManager.cpp">
      <Filter>Source Files\Source</Filter>
    </ClCompile>
  </ItemGroup>
  <ItemGroup>
    <None Include="GlobalMenu.qml">
      <Filter>Source Files\UI</Filter>
    </None>
    <None Include="GlobalMenuItem.qml">
      <Filter>Source Files\UI</Filter>
    </None>
    <None Include="main.qml">
      <Filter>Source Files\UI</Filter>
    </None>
    <None Include="FirstPage\HomePage.qml">
      <Filter>Source Files\UI\FirstPage</Filter>
    </None>
    <None Include="MultiCityManagement\SettingsPage.qml">
      <Filter>Source Files\UI\MultiCityManagement</Filter>
    </None>
    <None Include="MapView\SearchPage.qml">
      <Filter>Source Files\UI\MapView</Filter>
    </None>
    <None Include="WeatherAlert\StatisticsPage.qml">
      <Filter>Source Files\UI\WeatherAlert</Filter>
    </None>
    <None Include="DesktopWidget\HelpPage.qml">
      <Filter>Source Files\UI\DesktopWidget</Filter>
    </None>
    <None Include="Sidebar\LeftToolBarButton.qml">
      <Filter>Source Files\UI\Sidebar</Filter>
    </None>
    <None Include="TitleBar\LjMenuBar.qml">
      <Filter>Source Files\TitleBar</Filter>
    </None>
    <None Include="TitleBar\TopWidget.qml">
      <Filter>Source Files\TitleBar</Filter>
    </None>
    <None Include="card\WeatherCard.qml">
      <Filter>Source Files\UI\Card</Filter>
    </None>
    <None Include="card\MainWeatherCard.qml">
      <Filter>Source Files\UI\Card</Filter>
    </None>
    <None Include="card\HourlyForecastCard.qml">
      <Filter>Source Files\UI\Card</Filter>
    </None>
    <None Include="card\MainWeatherButtomCard.qml">
      <Filter>Source Files\UI\Card</Filter>
    </None>
  </ItemGroup>
  <ItemGroup>
    <QtMoc Include="TitleBar\ToolBarHandler.h">
      <Filter>Source Files\TitleBar</Filter>
    </QtMoc>
    <QtMoc Include="WeatherDeppend\WeatherApi.h">
      <Filter>Source Files\WeatherDeppend</Filter>
    </QtMoc>
    <QtMoc Include="WeatherDeppend\WeatherManager.h">
      <Filter>Source Files\WeatherDeppend</Filter>
    </QtMoc>
  </ItemGroup>
  <ItemGroup>
    <ClInclude Include="Resource\resource.h">
      <Filter>Resource Files\Resource</Filter>
    </ClInclude>
    <ClInclude Include="Resource\resource1.h">
      <Filter>Resource Files\Resource</Filter>
    </ClInclude>
    <QtMoc Include="WeatherDeppend\ForecastModel.h">
      <Filter>Source Files\WeatherDeppend</Filter>
    </QtMoc>
    <ClInclude Include="QmlEngin\QmlEnginManager.h">
      <Filter>Source Files\Source</Filter>
    </ClInclude>
  </ItemGroup>
  <ItemGroup>
    <ResourceCompile Include="QmlAndOpenCVTest.rc">
      <Filter>Resource Files</Filter>
    </ResourceCompile>
  </ItemGroup>
  <ItemGroup>
    <QtRcc Include="Image.qrc">
      <Filter>Resource Files</Filter>
    </QtRcc>
  </ItemGroup>
</Project>